
Microsoft Visual Studio Solution File, Format Version 12.00
# Visual Studio Version 16
VisualStudioVersion = 16.0.31515.178
MinimumVisualStudioVersion = 10.0.40219.1
Project("{FAE04EC0-301F-11D3-BF4B-00C04F79EFBC}") = "FIT5032_MyDatabaseFirst", "FIT5032_MyDatabaseFirst\FIT5032_MyDatabaseFirst.csproj", "{93AE27C5-8CEA-4E47-8673-5684473A70AD}"
EndProject
Global
	GlobalSection(SolutionConfigurationPlatforms) = preSolution
		Debug|Any CPU = Debug|Any CPU
		Release|Any CPU = Release|Any CPU
	EndGlobalSection
	GlobalSection(ProjectConfigurationPlatforms) = postSolution
		{93AE27C5-8CEA-4E47-8673-5684473A70AD}.Debug|Any CPU.ActiveCfg = Debug|Any CPU
		{93AE27C5-8CEA-4E47-8673-5684473A70AD}.Debug|Any CPU.Build.0 = Debug|Any CPU
		{93AE27C5-8CEA-4E47-8673-5684473A70AD}.Release|Any CPU.ActiveCfg = Release|Any CPU
		{93AE27C5-8CEA-4E47-8673-5684473A70AD}.Release|Any CPU.Build.0 = Release|Any CPU
	EndGlobalSection
	GlobalSection(SolutionProperties) = preSolution
		HideSolutionNode = FALSE
	EndGlobalSection
	GlobalSection(ExtensibilityGlobals) = postSolution
		SolutionGuid = {5E268D59-7F5E-4F0F-B7AD-726F666D156A}
	EndGlobalSection
EndGlobal
